
Microsoft Visual Studio Solution File, Format Version 12.00
# Visual Studio Version 17
VisualStudioVersion = 17.2.32616.157
MinimumVisualStudioVersion = 10.0.40219.1
Project("{9A19103F-16F7-4668-BE54-9A1E7A4F7556}") = "Transaq", "Transaq\Transaq.csproj", "{2BD9F6DF-9964-48FD-905F-BB49981EAD6C}"
EndProject
Global
	GlobalSection(SolutionConfigurationPlatforms) = preSolution
		Debug|Any CPU = Debug|Any CPU
		Debug|x64 = Debug|x64
		Debug|x86 = Debug|x86
		Release|Any CPU = Release|Any CPU
		Release|x64 = Release|x64
		Release|x86 = Release|x86
	EndGlobalSection
	GlobalSection(ProjectConfigurationPlatforms) = postSolution
		{2BD9F6DF-9964-48FD-905F-BB49981EAD6C}.Debug|Any CPU.ActiveCfg = Debug|Any CPU
		{2BD9F6DF-9964-48FD-905F-BB49981EAD6C}.Debug|Any CPU.Build.0 = Debug|Any CPU
		{2BD9F6DF-9964-48FD-905F-BB49981EAD6C}.Debug|x64.ActiveCfg = Debug|x64
		{2BD9F6DF-9964-48FD-905F-BB49981EAD6C}.Debug|x64.Build.0 = Debug|x64
		{2BD9F6DF-9964-48FD-905F-BB49981EAD6C}.Debug|x86.ActiveCfg = Debug|x86
		{2BD9F6DF-9964-48FD-905F-BB49981EAD6C}.Debug|x86.Build.0 = Debug|x86
		{2BD9F6DF-9964-48FD-905F-BB49981EAD6C}.Release|Any CPU.ActiveCfg = Release|Any CPU
		{2BD9F6DF-9964-48FD-905F-BB49981EAD6C}.Release|Any CPU.Build.0 = Release|Any CPU
		{2BD9F6DF-9964-48FD-905F-BB49981EAD6C}.Release|x64.ActiveCfg = Release|x64
		{2BD9F6DF-9964-48FD-905F-BB49981EAD6C}.Release|x64.Build.0 = Release|x64
		{2BD9F6DF-9964-48FD-905F-BB49981EAD6C}.Release|x86.ActiveCfg = Release|x86
		{2BD9F6DF-9964-48FD-905F-BB49981EAD6C}.Release|x86.Build.0 = Release|x86
	EndGlobalSection
	GlobalSection(SolutionProperties) = preSolution
		HideSolutionNode = FALSE
	EndGlobalSection
	GlobalSection(ExtensibilityGlobals) = postSolution
		SolutionGuid = {5F73FAC2-2911-4CDD-9DFC-83D1B043E9CE}
	EndGlobalSection
EndGlobal
